
Microsoft Visual Studio Solution File, Format Version 12.00
# Visual Studio Version 16
VisualStudioVersion = 16.0.29519.181
MinimumVisualStudioVersion = 10.0.40219.1
Project("{FAE04EC0-301F-11D3-BF4B-00C04F79EFBC}") = "RuneSamples", "RuneSamples.csproj", "{4EF72C2B-C554-4435-9611-B1E959688337}"
EndProject
Global
	GlobalSection(SolutionConfigurationPlatforms) = preSolution
		Debug|Any CPU = Debug|Any CPU
		Release|Any CPU = Release|Any CPU
	EndGlobalSection
	GlobalSection(ProjectConfigurationPlatforms) = postSolution
		{4EF72C2B-C554-4435-9611-B1E959688337}.Debug|Any CPU.ActiveCfg = Debug|Any CPU
		{4EF72C2B-C554-4435-9611-B1E959688337}.Debug|Any CPU.Build.0 = Debug|Any CPU
		{4EF72C2B-C554-4435-9611-B1E959688337}.Release|Any CPU.ActiveCfg = Release|Any CPU
		{4EF72C2B-C554-4435-9611-B1E959688337}.Release|Any CPU.Build.0 = Release|Any CPU
	EndGlobalSection
	GlobalSection(SolutionProperties) = preSolution
		HideSolutionNode = FALSE
	EndGlobalSection
	GlobalSection(ExtensibilityGlobals) = postSolution
		SolutionGuid = {9C6CD690-F1F2-4651-A08B-75D40A066E63}
	EndGlobalSection
EndGlobal
